# @generated by Move, please check-in and do not edit manually.

[move]
version = 3
manifest_digest = "6FFF81B8A23740CF7F67A0C3ECE688A10421D299B0FED663ADF4C442BBBA6314"
deps_digest = "F8BBB0CCB2491CA29A3DF03D6F92277A4F3574266507ACD77214D37ECA3F3082"
dependencies = [
  { id = "Sui", name = "Sui" },
]

[[move.package]]
id = "MoveStdlib"
source = { git = "https://github.com/MystenLabs/sui.git", rev = "framework/mainnet", subdir = "crates/sui-framework/packages/move-stdlib" }

[[move.package]]
id = "Sui"
source = { git = "https://github.com/MystenLabs/sui.git", rev = "framework/mainnet", subdir = "crates/sui-framework/packages/sui-framework" }

dependencies = [
  { id = "MoveStdlib", name = "MoveStdlib" },
]

[move.toolchain-version]
compiler-version = "1.59.1"
edition = "2024"
flavor = "sui"

[env]

[env.testnet]
chain-id = "4c78adac"
original-published-id = "0x5e566c8d2b34ee0b338ec6e6e8e9958dc3117c590ae50afc987d3884e683b1ba"
latest-published-id = "0x5e566c8d2b34ee0b338ec6e6e8e9958dc3117c590ae50afc987d3884e683b1ba"
published-version = "1"
